<?xml version="1.0" encoding="utf-8"?>
<Project ToolsVersion="4.0" xmlns="http://schemas.microsoft.com/developer/msbuild/2003">
  <ItemGroup>
    <Filter Include="Source Files">
      <UniqueIdentifier>{4FC737F1-C7A5-4376-A066-2A32D752A2FF}</UniqueIdentifier>
      <Extensions>cpp;c;cc;cxx;def;odl;idl;hpj;bat;asm;asmx</Extensions>
    </Filter>
    <Filter Include="Header Files">
      <UniqueIdentifier>{93995380-89BD-4b04-88EB-625FBE52EBFB}</UniqueIdentifier>
      <Extensions>h;hh;hpp;hxx;hm;inl;inc;ipp;xsd</Extensions>
    </Filter>
    <Filter Include="Resource Files">
      <UniqueIdentifier>{67DA6AB6-F800-4c08-8B7A-83BB121AAD01}</UniqueIdentifier>
      <Extensions>rc;ico;cur;bmp;dlg;rc2;rct;bin;rgs;gif;jpg;jpeg;jpe;resx;tiff;tif;png;wav;mfcribbon-ms</Extensions>
    </Filter>
  </ItemGroup>
  <ItemGroup>
    <ClInclude Include="osdk-core\api\inc\dji_ack.hpp">
      <Filter>Header Files</Filter>
    </ClInclude>
    <ClInclude Include="osdk-core\api\inc\dji_broadcast.hpp">
      <Filter>Header Files</Filter>
    </ClInclude>
    <ClInclude Include="osdk-core\api\inc\dji_camera.hpp">
      <Filter>Header Files</Filter>
    </ClInclude>
    <ClInclude Include="osdk-core\api\inc\dji_command.hpp">
      <Filter>Header Files</Filter>
    </ClInclude>
    <ClInclude Include="osdk-core\api\inc\dji_control.hpp">
      <Filter>Header Files</Filter>
    </ClInclude>
    <ClInclude Include="osdk-core\api\inc\dji_error.hpp">
      <Filter>Header Files</Filter>
    </ClInclude>
    <ClInclude Include="osdk-core\api\inc\dji_gimbal.hpp">
      <Filter>Header Files</Filter>
    </ClInclude>
    <ClInclude Include="osdk-core\api\inc\dji_hardware_sync.hpp">
      <Filter>Header Files</Filter>
    </ClInclude>
    <ClInclude Include="osdk-core\api\inc\dji_hotpoint.hpp">
      <Filter>Header Files</Filter>
    </ClInclude>
    <ClInclude Include="osdk-core\api\inc\dji_mfio.hpp">
      <Filter>Header Files</Filter>
    </ClInclude>
    <ClInclude Include="osdk-core\api\inc\dji_mission_base.hpp">
      <Filter>Header Files</Filter>
    </ClInclude>
    <ClInclude Include="osdk-core\api\inc\dji_mission_manager.hpp">
      <Filter>Header Files</Filter>
    </ClInclude>
    <ClInclude Include="osdk-core\api\inc\dji_mission_type.hpp">
      <Filter>Header Files</Filter>
    </ClInclude>
    <ClInclude Include="osdk-core\api\inc\dji_mobile_communication.hpp">
      <Filter>Header Files</Filter>
    </ClInclude>
    <ClInclude Include="osdk-core\api\inc\dji_mobile_device.hpp">
      <Filter>Header Files</Filter>
    </ClInclude>
    <ClInclude Include="osdk-core\api\inc\dji_status.hpp">
      <Filter>Header Files</Filter>
    </ClInclude>
    <ClInclude Include="osdk-core\api\inc\dji_subscription.hpp">
      <Filter>Header Files</Filter>
    </ClInclude>
    <ClInclude Include="osdk-core\api\inc\dji_telemetry.hpp">
      <Filter>Header Files</Filter>
    </ClInclude>
    <ClInclude Include="osdk-core\api\inc\dji_telemetry_doc.hpp">
      <Filter>Header Files</Filter>
    </ClInclude>
    <ClInclude Include="osdk-core\api\inc\dji_type.hpp">
      <Filter>Header Files</Filter>
    </ClInclude>
    <ClInclude Include="osdk-core\api\inc\dji_vehicle.hpp">
      <Filter>Header Files</Filter>
    </ClInclude>
    <ClInclude Include="osdk-core\api\inc\dji_vehicle_callback.hpp">
      <Filter>Header Files</Filter>
    </ClInclude>
    <ClInclude Include="osdk-core\api\inc\dji_version.hpp">
      <Filter>Header Files</Filter>
    </ClInclude>
    <ClInclude Include="osdk-core\api\inc\dji_virtual_rc.hpp">
      <Filter>Header Files</Filter>
    </ClInclude>
    <ClInclude Include="osdk-core\api\inc\dji_waypoint.hpp">
      <Filter>Header Files</Filter>
    </ClInclude>
    <ClInclude Include="osdk-core\hal\inc\dji_hard_driver.hpp">
      <Filter>Header Files</Filter>
    </ClInclude>
    <ClInclude Include="osdk-core\hal\inc\dji_log.hpp">
      <Filter>Header Files</Filter>
    </ClInclude>
    <ClInclude Include="osdk-core\hal\inc\dji_memory.hpp">
      <Filter>Header Files</Filter>
    </ClInclude>
    <ClInclude Include="osdk-core\hal\inc\dji_platform_manager.hpp">
      <Filter>Header Files</Filter>
    </ClInclude>
    <ClInclude Include="osdk-core\hal\inc\dji_thread_manager.hpp">
      <Filter>Header Files</Filter>
    </ClInclude>
    <ClInclude Include="osdk-core\protocol\inc\dji_aes.hpp">
      <Filter>Header Files</Filter>
    </ClInclude>
    <ClInclude Include="osdk-core\protocol\inc\dji_crc.hpp">
      <Filter>Header Files</Filter>
    </ClInclude>
    <ClInclude Include="osdk-core\protocol\inc\dji_open_protocol.hpp">
      <Filter>Header Files</Filter>
    </ClInclude>
    <ClInclude Include="osdk-core\protocol\inc\dji_protocol_base.hpp">
      <Filter>Header Files</Filter>
    </ClInclude>
    <ClInclude Include="osdk-core\utility\inc\dji_circular_buffer.hpp">
      <Filter>Header Files</Filter>
    </ClInclude>
    <ClInclude Include="osdk-core\utility\inc\dji_macros.hpp">
      <Filter>Header Files</Filter>
    </ClInclude>
    <ClInclude Include="osdk-core\utility\inc\dji_singleton.hpp">
      <Filter>Header Files</Filter>
    </ClInclude>
    <ClInclude Include="osdk-core\platform\default\inc\dji_memory_default.hpp">
      <Filter>Header Files</Filter>
    </ClInclude>
    <ClInclude Include="Win_serial_device.h">
      <Filter>Header Files</Filter>
    </ClInclude>
    <ClInclude Include="SysTime.h">
      <Filter>Header Files</Filter>
    </ClInclude>
    <ClInclude Include="osdk-core\platform\linux\inc\posix_thread_manager.hpp">
      <Filter>Header Files</Filter>
    </ClInclude>
    <ClInclude Include="osdk-core\platform\linux\inc\posix_thread.hpp">
      <Filter>Header Files</Filter>
    </ClInclude>
    <ClInclude Include="APIFront.h">
      <Filter>Header Files</Filter>
    </ClInclude>
  </ItemGroup>
  <ItemGroup>
    <ClCompile Include="osdk-core\api\src\dji_ack.cpp">
      <Filter>Source Files</Filter>
    </ClCompile>
    <ClCompile Include="osdk-core\api\src\dji_broadcast.cpp">
      <Filter>Source Files</Filter>
    </ClCompile>
    <ClCompile Include="osdk-core\api\src\dji_camera.cpp">
      <Filter>Source Files</Filter>
    </ClCompile>
    <ClCompile Include="osdk-core\api\src\dji_command.cpp">
      <Filter>Source Files</Filter>
    </ClCompile>
    <ClCompile Include="osdk-core\api\src\dji_control.cpp">
      <Filter>Source Files</Filter>
    </ClCompile>
    <ClCompile Include="osdk-core\api\src\dji_error.cpp">
      <Filter>Source Files</Filter>
    </ClCompile>
    <ClCompile Include="osdk-core\api\src\dji_gimbal.cpp">
      <Filter>Source Files</Filter>
    </ClCompile>
    <ClCompile Include="osdk-core\api\src\dji_hardware_sync.cpp">
      <Filter>Source Files</Filter>
    </ClCompile>
    <ClCompile Include="osdk-core\api\src\dji_hotpoint.cpp">
      <Filter>Source Files</Filter>
    </ClCompile>
    <ClCompile Include="osdk-core\api\src\dji_mfio.cpp">
      <Filter>Source Files</Filter>
    </ClCompile>
    <ClCompile Include="osdk-core\api\src\dji_mission_manager.cpp">
      <Filter>Source Files</Filter>
    </ClCompile>
    <ClCompile Include="osdk-core\api\src\dji_mobile_communication.cpp">
      <Filter>Source Files</Filter>
    </ClCompile>
    <ClCompile Include="osdk-core\api\src\dji_mobile_device.cpp">
      <Filter>Source Files</Filter>
    </ClCompile>
    <ClCompile Include="osdk-core\api\src\dji_subscription.cpp">
      <Filter>Source Files</Filter>
    </ClCompile>
    <ClCompile Include="osdk-core\api\src\dji_vehicle.cpp">
      <Filter>Source Files</Filter>
    </ClCompile>
    <ClCompile Include="osdk-core\api\src\dji_version.cpp">
      <Filter>Source Files</Filter>
    </ClCompile>
    <ClCompile Include="osdk-core\api\src\dji_virtual_rc.cpp">
      <Filter>Source Files</Filter>
    </ClCompile>
    <ClCompile Include="osdk-core\api\src\dji_waypoint.cpp">
      <Filter>Source Files</Filter>
    </ClCompile>
    <ClCompile Include="osdk-core\hal\src\dji_hard_driver.cpp">
      <Filter>Source Files</Filter>
    </ClCompile>
    <ClCompile Include="osdk-core\hal\src\dji_log.cpp">
      <Filter>Source Files</Filter>
    </ClCompile>
    <ClCompile Include="osdk-core\hal\src\dji_memory.cpp">
      <Filter>Source Files</Filter>
    </ClCompile>
    <ClCompile Include="osdk-core\hal\src\dji_platform_manager.cpp">
      <Filter>Source Files</Filter>
    </ClCompile>
    <ClCompile Include="osdk-core\hal\src\dji_thread_manager.cpp">
      <Filter>Source Files</Filter>
    </ClCompile>
    <ClCompile Include="osdk-core\protocol\src\dji_aes.cpp">
      <Filter>Source Files</Filter>
    </ClCompile>
    <ClCompile Include="osdk-core\protocol\src\dji_open_protocol.cpp">
      <Filter>Source Files</Filter>
    </ClCompile>
    <ClCompile Include="osdk-core\protocol\src\dji_protocol_base.cpp">
      <Filter>Source Files</Filter>
    </ClCompile>
    <ClCompile Include="osdk-core\utility\src\dji_circular_buffer.cpp">
      <Filter>Source Files</Filter>
    </ClCompile>
    <ClCompile Include="osdk-core\utility\src\dji_singleton.cpp">
      <Filter>Source Files</Filter>
    </ClCompile>
    <ClCompile Include="osdk-core\platform\default\src\dji_memory_default.cpp">
      <Filter>Source Files</Filter>
    </ClCompile>
    <ClCompile Include="Win_serial_device.cpp">
      <Filter>Source Files</Filter>
    </ClCompile>
    <ClCompile Include="SysTime.cpp">
      <Filter>Source Files</Filter>
    </ClCompile>
    <ClCompile Include="osdk-core\platform\linux\src\posix_thread.cpp">
      <Filter>Source Files</Filter>
    </ClCompile>
    <ClCompile Include="osdk-core\platform\linux\src\posix_thread_manager.cpp">
      <Filter>Source Files</Filter>
    </ClCompile>
    <ClCompile Include="APIFront.cpp">
      <Filter>Source Files</Filter>
    </ClCompile>
    <ClCompile Include="Main.cpp">
      <Filter>Source Files</Filter>
    </ClCompile>
  </ItemGroup>
</Project>